Microsoft Visual Studio Solution File, Format Version 11.00
# Visual Studio 2010
Project("{8BC9CEB8-8B4A-11D0-8D11-00A0C91BC942}") = "UnitTest", "UnitTest\UnitTest.vcxproj", "{E5A465FE-D171-C009-FA8A-AEB1E6B6F597}"
EndProject
Project("{8BC9CEB8-8B4A-11D0-8D11-00A0C91BC942}") = "RenderD3D9", "RenderD3D9\RenderD3D9.vcxproj", "{E320FFDC-36BC-49B6-AE5E-BC4D6A7504F9}"
EndProject
Project("{8BC9CEB8-8B4A-11D0-8D11-00A0C91BC942}") = "Engine", "Engine\Engine.vcxproj", "{183A3365-67BE-4D03-B6FD-94D527C181A9}"
	ProjectSection(ProjectDependencies) = postProject
		{E320FFDC-36BC-49B6-AE5E-BC4D6A7504F9} = {E320FFDC-36BC-49B6-AE5E-BC4D6A7504F9}
	EndProjectSection
EndProject
Project("{8BC9CEB8-8B4A-11D0-8D11-00A0C91BC942}") = "Demo", "Demo\Demo.vcxproj", "{8F06DDAD-0FA0-4927-9DCA-0DCACE66A106}"
	ProjectSection(ProjectDependencies) = postProject
		{183A3365-67BE-4D03-B6FD-94D527C181A9} = {183A3365-67BE-4D03-B6FD-94D527C181A9}
	EndProjectSection
EndProject
Project("{8BC9CEB8-8B4A-11D0-8D11-00A0C91BC942}") = "CommonLib", "CommonLib\CommonLib.vcxproj", "{AB6454F5-F061-4CD8-B6ED-518E06359CA6}"
EndProject
Global
	GlobalSection(SolutionConfigurationPlatforms) = preSolution
		Debug|Win32 = Debug|Win32
		Debug|x64 = Debug|x64
		Profile|Win32 = Profile|Win32
		Profile|x64 = Profile|x64
		Release|Win32 = Release|Win32
		Release|x64 = Release|x64
	EndGlobalSection
	GlobalSection(ProjectConfigurationPlatforms) = postSolution
		{E5A465FE-D171-C009-FA8A-AEB1E6B6F597}.Debug|Win32.ActiveCfg = Debug|Win32
		{E5A465FE-D171-C009-FA8A-AEB1E6B6F597}.Debug|Win32.Build.0 = Debug|Win32
		{E5A465FE-D171-C009-FA8A-AEB1E6B6F597}.Debug|x64.ActiveCfg = Debug|Win32
		{E5A465FE-D171-C009-FA8A-AEB1E6B6F597}.Profile|Win32.ActiveCfg = Release|Win32
		{E5A465FE-D171-C009-FA8A-AEB1E6B6F597}.Profile|Win32.Build.0 = Release|Win32
		{E5A465FE-D171-C009-FA8A-AEB1E6B6F597}.Profile|x64.ActiveCfg = Release|Win32
		{E5A465FE-D171-C009-FA8A-AEB1E6B6F597}.Release|Win32.ActiveCfg = Release|Win32
		{E5A465FE-D171-C009-FA8A-AEB1E6B6F597}.Release|Win32.Build.0 = Release|Win32
		{E5A465FE-D171-C009-FA8A-AEB1E6B6F597}.Release|x64.ActiveCfg = Release|Win32
		{E320FFDC-36BC-49B6-AE5E-BC4D6A7504F9}.Debug|Win32.ActiveCfg = Debug|Win32
		{E320FFDC-36BC-49B6-AE5E-BC4D6A7504F9}.Debug|Win32.Build.0 = Debug|Win32
		{E320FFDC-36BC-49B6-AE5E-BC4D6A7504F9}.Debug|x64.ActiveCfg = Debug|Win32
		{E320FFDC-36BC-49B6-AE5E-BC4D6A7504F9}.Profile|Win32.ActiveCfg = Release|Win32
		{E320FFDC-36BC-49B6-AE5E-BC4D6A7504F9}.Profile|Win32.Build.0 = Release|Win32
		{E320FFDC-36BC-49B6-AE5E-BC4D6A7504F9}.Profile|x64.ActiveCfg = Release|Win32
		{E320FFDC-36BC-49B6-AE5E-BC4D6A7504F9}.Release|Win32.ActiveCfg = Release|Win32
		{E320FFDC-36BC-49B6-AE5E-BC4D6A7504F9}.Release|Win32.Build.0 = Release|Win32
		{E320FFDC-36BC-49B6-AE5E-BC4D6A7504F9}.Release|x64.ActiveCfg = Release|Win32
		{183A3365-67BE-4D03-B6FD-94D527C181A9}.Debug|Win32.ActiveCfg = Debug|Win32
		{183A3365-67BE-4D03-B6FD-94D527C181A9}.Debug|Win32.Build.0 = Debug|Win32
		{183A3365-67BE-4D03-B6FD-94D527C181A9}.Debug|x64.ActiveCfg = Debug|Win32
		{183A3365-67BE-4D03-B6FD-94D527C181A9}.Profile|Win32.ActiveCfg = Release|Win32
		{183A3365-67BE-4D03-B6FD-94D527C181A9}.Profile|Win32.Build.0 = Release|Win32
		{183A3365-67BE-4D03-B6FD-94D527C181A9}.Profile|x64.ActiveCfg = Release|Win32
		{183A3365-67BE-4D03-B6FD-94D527C181A9}.Release|Win32.ActiveCfg = Release|Win32
		{183A3365-67BE-4D03-B6FD-94D527C181A9}.Release|Win32.Build.0 = Release|Win32
		{183A3365-67BE-4D03-B6FD-94D527C181A9}.Release|x64.ActiveCfg = Release|Win32
		{8F06DDAD-0FA0-4927-9DCA-0DCACE66A106}.Debug|Win32.ActiveCfg = Debug|Win32
		{8F06DDAD-0FA0-4927-9DCA-0DCACE66A106}.Debug|Win32.Build.0 = Debug|Win32
		{8F06DDAD-0FA0-4927-9DCA-0DCACE66A106}.Debug|x64.ActiveCfg = Debug|Win32
		{8F06DDAD-0FA0-4927-9DCA-0DCACE66A106}.Profile|Win32.ActiveCfg = Release|Win32
		{8F06DDAD-0FA0-4927-9DCA-0DCACE66A106}.Profile|Win32.Build.0 = Release|Win32
		{8F06DDAD-0FA0-4927-9DCA-0DCACE66A106}.Profile|x64.ActiveCfg = Release|Win32
		{8F06DDAD-0FA0-4927-9DCA-0DCACE66A106}.Release|Win32.ActiveCfg = Release|Win32
		{8F06DDAD-0FA0-4927-9DCA-0DCACE66A106}.Release|Win32.Build.0 = Release|Win32
		{8F06DDAD-0FA0-4927-9DCA-0DCACE66A106}.Release|x64.ActiveCfg = Release|Win32
		{AB6454F5-F061-4CD8-B6ED-518E06359CA6}.Debug|Win32.ActiveCfg = Debug|Win32
		{AB6454F5-F061-4CD8-B6ED-518E06359CA6}.Debug|Win32.Build.0 = Debug|Win32
		{AB6454F5-F061-4CD8-B6ED-518E06359CA6}.Debug|x64.ActiveCfg = Debug|Win32
		{AB6454F5-F061-4CD8-B6ED-518E06359CA6}.Profile|Win32.ActiveCfg = Release|Win32
		{AB6454F5-F061-4CD8-B6ED-518E06359CA6}.Profile|Win32.Build.0 = Release|Win32
		{AB6454F5-F061-4CD8-B6ED-518E06359CA6}.Profile|x64.ActiveCfg = Release|Win32
		{AB6454F5-F061-4CD8-B6ED-518E06359CA6}.Release|Win32.ActiveCfg = Release|Win32
		{AB6454F5-F061-4CD8-B6ED-518E06359CA6}.Release|Win32.Build.0 = Release|Win32
		{AB6454F5-F061-4CD8-B6ED-518E06359CA6}.Release|x64.ActiveCfg = Release|Win32
	EndGlobalSection
	GlobalSection(SolutionProperties) = preSolution
		HideSolutionNode = FALSE
	EndGlobalSection
EndGlobal
