<?xml version="1.0" encoding="utf-8"?>
<Project ToolsVersion="4.0" xmlns:atg="http://atg.xbox.com" xmlns="http://schemas.microsoft.com/developer/msbuild/2003">
  <ItemGroup>
    <Filter Include="Resource Files">
      <UniqueIdentifier>{8e114980-c1a3-4ada-ad7c-83caadf5daeb}</UniqueIdentifier>
      <Extensions>rc;ico;cur;bmp;dlg;rc2;rct;bin;rgs;gif;jpg;jpeg;jpe</Extensions>
    </Filter>
    <Filter Include="DXUT">
      <UniqueIdentifier>{a43c5c25-0e86-4a20-b64a-883785ff74fd}</UniqueIdentifier>
    </Filter>
    <Filter Include="Physics">
      <UniqueIdentifier>{182f8282-0591-4e10-8405-35138c5a4a8f}</UniqueIdentifier>
    </Filter>
    <Filter Include="Animation">
      <UniqueIdentifier>{e9cc0387-4081-4511-90d1-2914a031b166}</UniqueIdentifier>
    </Filter>
    <Filter Include="Util">
      <UniqueIdentifier>{95af701b-7262-41c4-a49e-7023ed360823}</UniqueIdentifier>
    </Filter>
    <Filter Include="Ragdoll">
      <UniqueIdentifier>{e62a486b-9fd9-4151-9fb5-a8eb325ef726}</UniqueIdentifier>
    </Filter>
    <Filter Include="Facial">
      <UniqueIdentifier>{f6470631-1884-4bd2-be1a-2c3171aa96e7}</UniqueIdentifier>
    </Filter>
    <Filter Include="Morph">
      <UniqueIdentifier>{99c3b881-53c6-4931-88f7-8c355c93323f}</UniqueIdentifier>
    </Filter>
    <Filter Include="FaceFactory">
      <UniqueIdentifier>{71b5baa2-3feb-4825-93a1-5634afb5f632}</UniqueIdentifier>
    </Filter>
    <Filter Include="Audio">
      <UniqueIdentifier>{6675f43e-3eac-47da-8ec5-e8ace23ac841}</UniqueIdentifier>
    </Filter>
    <Filter Include="IK">
      <UniqueIdentifier>{530a4e4c-9bf0-4ceb-8f3c-c8cef6f09a4e}</UniqueIdentifier>
    </Filter>
    <Filter Include="Flock">
      <UniqueIdentifier>{f8395889-040f-49e0-8a99-b99956ed738b}</UniqueIdentifier>
    </Filter>
    <Filter Include="D3D11">
      <UniqueIdentifier>{7b9df9a2-6667-4fb8-90f0-1accce0f794a}</UniqueIdentifier>
    </Filter>
    <Filter Include="FX">
      <UniqueIdentifier>{2c3d4c8c-5d1a-459a-a05a-a4e4b608a44e}</UniqueIdentifier>
      <Extensions>
      </Extensions>
    </Filter>
  </ItemGroup>
  <ItemGroup>
    <None Include="DXUT\Optional\directx.ico">
      <Filter>Resource Files</Filter>
    </None>
    <ClInclude Include="DXUT\Core\DXUT.h">
      <Filter>DXUT</Filter>
    </ClInclude>
    <ClInclude Include="DXUT\Core\DXUTenum.h">
      <Filter>DXUT</Filter>
    </ClInclude>
    <ClInclude Include="DXUT\Core\DXUTmisc.h">
      <Filter>DXUT</Filter>
    </ClInclude>
    <ClCompile Include="DXUT\Core\DXUT.cpp">
      <Filter>DXUT</Filter>
    </ClCompile>
    <ClCompile Include="DXUT\Core\DXUTenum.cpp">
      <Filter>DXUT</Filter>
    </ClCompile>
    <ClCompile Include="DXUT\Core\DXUTmisc.cpp">
      <Filter>DXUT</Filter>
    </ClCompile>
    <ClInclude Include="DXUT\Optional\DXUTcamera.h">
      <Filter>DXUT</Filter>
    </ClInclude>
    <ClInclude Include="DXUT\Optional\DXUTgui.h">
      <Filter>DXUT</Filter>
    </ClInclude>
    <ClInclude Include="DXUT\Optional\DXUTres.h">
      <Filter>DXUT</Filter>
    </ClInclude>
    <ClInclude Include="DXUT\Optional\DXUTsettingsdlg.h">
      <Filter>DXUT</Filter>
    </ClInclude>
    <ClInclude Include="DXUT\Optional\SDKmesh.h">
      <Filter>DXUT</Filter>
    </ClInclude>
    <ClInclude Include="DXUT\Optional\SDKmisc.h">
      <Filter>DXUT</Filter>
    </ClInclude>
    <ClCompile Include="DXUT\Optional\DXUTcamera.cpp">
      <Filter>DXUT</Filter>
    </ClCompile>
    <ClCompile Include="DXUT\Optional\DXUTgui.cpp">
      <Filter>DXUT</Filter>
    </ClCompile>
    <ClCompile Include="DXUT\Optional\DXUTres.cpp">
      <Filter>DXUT</Filter>
    </ClCompile>
    <ClCompile Include="DXUT\Optional\DXUTsettingsdlg.cpp">
      <Filter>DXUT</Filter>
    </ClCompile>
    <ClCompile Include="DXUT\Optional\SDKmesh.cpp">
      <Filter>DXUT</Filter>
    </ClCompile>
    <ClCompile Include="DXUT\Optional\SDKmisc.cpp">
      <Filter>DXUT</Filter>
    </ClCompile>
    <None Include="TreeSprite.fx">
      <Filter>FX</Filter>
    </None>
    <None Include="LightHelper.fx">
      <Filter>FX</Filter>
    </None>
  </ItemGroup>
  <ItemGroup>
    <ClCompile Include="Sample.cpp" />
    <ClCompile Include="PhysicsMgr.cpp">
      <Filter>Physics</Filter>
    </ClCompile>
    <ClCompile Include="OBB.cpp">
      <Filter>Physics</Filter>
    </ClCompile>
    <ClCompile Include="Utils.cpp">
      <Filter>Util</Filter>
    </ClCompile>
    <ClCompile Include="Utils.h">
      <Filter>Util</Filter>
    </ClCompile>
    <ClCompile Include="BoneHierarchyLoader.cpp">
      <Filter>Animation</Filter>
    </ClCompile>
    <ClCompile Include="skinnedMesh.cpp">
      <Filter>Animation</Filter>
    </ClCompile>
    <ClCompile Include="animation.cpp">
      <Filter>Animation</Filter>
    </ClCompile>
    <ClCompile Include="RagDoll.cpp">
      <Filter>Ragdoll</Filter>
    </ClCompile>
    <ClCompile Include="Morph.cpp">
      <Filter>Morph</Filter>
    </ClCompile>
    <ClCompile Include="Eye.cpp">
      <Filter>Facial</Filter>
    </ClCompile>
    <ClCompile Include="Face.cpp">
      <Filter>Facial</Filter>
    </ClCompile>
    <ClCompile Include="FaceController.cpp">
      <Filter>Facial</Filter>
    </ClCompile>
    <ClCompile Include="InverseKinematics.cpp">
      <Filter>IK</Filter>
    </ClCompile>
    <ClCompile Include="WavDecoder.cpp">
      <Filter>Audio</Filter>
    </ClCompile>
    <ClCompile Include="Bird.cpp">
      <Filter>Flock</Filter>
    </ClCompile>
    <ClCompile Include="Flock.cpp">
      <Filter>Flock</Filter>
    </ClCompile>
    <ClCompile Include="FaceFacory.cpp">
      <Filter>FaceFactory</Filter>
    </ClCompile>
    <ClCompile Include="BirdMesh.cpp">
      <Filter>Flock</Filter>
    </ClCompile>
    <ClCompile Include="IRenderDevice.cpp">
      <Filter>D3D11</Filter>
    </ClCompile>
    <ClCompile Include="D3D11RenderDevice.cpp">
      <Filter>D3D11</Filter>
    </ClCompile>
    <ClCompile Include="Vertex.cpp">
      <Filter>D3D11</Filter>
    </ClCompile>
    <ClCompile Include="MathHelper.cpp">
      <Filter>Util</Filter>
    </ClCompile>
    <ClCompile Include="Effects.cpp">
      <Filter>D3D11</Filter>
    </ClCompile>
    <ClCompile Include="LightHelper.cpp">
      <Filter>Util</Filter>
    </ClCompile>
  </ItemGroup>
  <ItemGroup>
    <None Include="Sample.fx">
      <Filter>FX</Filter>
    </None>
  </ItemGroup>
  <ItemGroup>
    <CLInclude Include="resource.h">
      <Filter>Resource Files</Filter>
    </CLInclude>
    <ResourceCompile Include="Sample.rc">
      <Filter>Resource Files</Filter>
    </ResourceCompile>
    <ClInclude Include="PhysicsMgr.h">
      <Filter>Physics</Filter>
    </ClInclude>
    <ClInclude Include="OBB.h">
      <Filter>Physics</Filter>
    </ClInclude>
    <ClInclude Include="animation.h">
      <Filter>Animation</Filter>
    </ClInclude>
    <ClInclude Include="BoneHierarchyLoader.h">
      <Filter>Animation</Filter>
    </ClInclude>
    <ClInclude Include="skinnedMesh.h">
      <Filter>Animation</Filter>
    </ClInclude>
    <ClInclude Include="RagDoll.h">
      <Filter>Ragdoll</Filter>
    </ClInclude>
    <ClInclude Include="Morph.h">
      <Filter>Morph</Filter>
    </ClInclude>
    <ClInclude Include="Eye.h">
      <Filter>Facial</Filter>
    </ClInclude>
    <ClInclude Include="Face.h">
      <Filter>Facial</Filter>
    </ClInclude>
    <ClInclude Include="FaceController.h">
      <Filter>Facial</Filter>
    </ClInclude>
    <ClInclude Include="InverseKinematics.h">
      <Filter>IK</Filter>
    </ClInclude>
    <ClInclude Include="WavDecoder.h">
      <Filter>Audio</Filter>
    </ClInclude>
    <ClInclude Include="Flock.h">
      <Filter>Flock</Filter>
    </ClInclude>
    <ClInclude Include="Bird.h">
      <Filter>Flock</Filter>
    </ClInclude>
    <ClInclude Include="FaceFacory.h">
      <Filter>FaceFactory</Filter>
    </ClInclude>
    <ClInclude Include="BirdMesh.h">
      <Filter>Flock</Filter>
    </ClInclude>
    <ClInclude Include="IRenderDevice.h">
      <Filter>D3D11</Filter>
    </ClInclude>
    <ClInclude Include="D3D11RenderDevice.h">
      <Filter>D3D11</Filter>
    </ClInclude>
    <ClInclude Include="Vertex.h">
      <Filter>D3D11</Filter>
    </ClInclude>
    <ClInclude Include="MathHelper.h">
      <Filter>Util</Filter>
    </ClInclude>
    <ClInclude Include="Effects.h">
      <Filter>D3D11</Filter>
    </ClInclude>
    <ClInclude Include="LightHelper.h">
      <Filter>Util</Filter>
    </ClInclude>
  </ItemGroup>
  <ItemGroup>
    <CustomBuild Include="Color.fx">
      <Filter>FX</Filter>
    </CustomBuild>
  </ItemGroup>
</Project>