<?xml version="1.0" encoding="utf-8"?>
<Project ToolsVersion="4.0" xmlns="http://schemas.microsoft.com/developer/msbuild/2003">
  <ItemGroup>
    <Filter Include="Header Files">
      <UniqueIdentifier>{93995380-89BD-4b04-88EB-625FBE52EBFB}</UniqueIdentifier>
      <Extensions>h;hpp;hxx;hm;inl;inc;xsd</Extensions>
    </Filter>
    <Filter Include="Renderer">
      <UniqueIdentifier>{5f3d0c1f-cdad-4ad2-a6c9-9ef11d08aa30}</UniqueIdentifier>
    </Filter>
    <Filter Include="RenderDevice">
      <UniqueIdentifier>{b26bd441-fd16-47f1-996b-544f8b4f1095}</UniqueIdentifier>
    </Filter>
    <Filter Include="D3D9Resource">
      <UniqueIdentifier>{a328fa82-473b-4179-995e-c765b4cc6dba}</UniqueIdentifier>
    </Filter>
    <Filter Include="Fx">
      <UniqueIdentifier>{f6990ec4-0159-4d43-a451-510b314a4a91}</UniqueIdentifier>
    </Filter>
  </ItemGroup>
  <ItemGroup>
    <ClInclude Include="D3D9Renderer.h">
      <Filter>Renderer</Filter>
    </ClInclude>
    <ClInclude Include="D3D9RenderDevice.h">
      <Filter>RenderDevice</Filter>
    </ClInclude>
    <ClInclude Include="stdafx.h">
      <Filter>Header Files</Filter>
    </ClInclude>
    <ClInclude Include="targetver.h">
      <Filter>Header Files</Filter>
    </ClInclude>
    <ClInclude Include="D3D9Texture.h">
      <Filter>D3D9Resource</Filter>
    </ClInclude>
    <ClInclude Include="D3D9VertexBuffer.h">
      <Filter>D3D9Resource</Filter>
    </ClInclude>
    <ClInclude Include="D3D9IndexBuffer.h">
      <Filter>D3D9Resource</Filter>
    </ClInclude>
    <ClInclude Include="D3D9VertexLayout.h">
      <Filter>D3D9Resource</Filter>
    </ClInclude>
  </ItemGroup>
  <ItemGroup>
    <ClCompile Include="D3D9Renderer.cpp">
      <Filter>Renderer</Filter>
    </ClCompile>
    <ClCompile Include="D3D9RenderDevice.cpp">
      <Filter>RenderDevice</Filter>
    </ClCompile>
    <ClCompile Include="RenderD3D9.cpp">
      <Filter>Renderer</Filter>
    </ClCompile>
    <ClCompile Include="dllmain.cpp">
      <Filter>Renderer</Filter>
    </ClCompile>
    <ClCompile Include="stdafx.cpp">
      <Filter>Renderer</Filter>
    </ClCompile>
    <ClCompile Include="D3D9Texture.cpp">
      <Filter>D3D9Resource</Filter>
    </ClCompile>
    <ClCompile Include="D3D9VertexBuffer.cpp">
      <Filter>D3D9Resource</Filter>
    </ClCompile>
    <ClCompile Include="D3D9IndexBuffer.cpp">
      <Filter>D3D9Resource</Filter>
    </ClCompile>
    <ClCompile Include="D3D9VertexLayout.cpp">
      <Filter>D3D9Resource</Filter>
    </ClCompile>
  </ItemGroup>
  <ItemGroup>
    <None Include="..\Media\fx\simple.fx">
      <Filter>Fx</Filter>
    </None>
    <None Include="..\Media\fx\common.fx">
      <Filter>Fx</Filter>
    </None>
  </ItemGroup>
</Project>