<?xml version="1.0" encoding="utf-8"?>
<Project ToolsVersion="4.0" xmlns="http://schemas.microsoft.com/developer/msbuild/2003">
  <ItemGroup>
    <Filter Include="Source Files">
      <UniqueIdentifier>{4FC737F1-C7A5-4376-A066-2A32D752A2FF}</UniqueIdentifier>
      <Extensions>cpp;c;cc;cxx;def;odl;idl;hpj;bat;asm;asmx</Extensions>
    </Filter>
    <Filter Include="Header Files">
      <UniqueIdentifier>{93995380-89BD-4b04-88EB-625FBE52EBFB}</UniqueIdentifier>
      <Extensions>h;hpp;hxx;hm;inl;inc;xsd</Extensions>
    </Filter>
    <Filter Include="Math">
      <UniqueIdentifier>{0ee623c2-ac17-46aa-8ca1-628f6fb0f2fb}</UniqueIdentifier>
    </Filter>
    <Filter Include="Thread">
      <UniqueIdentifier>{a97dede5-e1f2-40da-a71f-d5aece18b3d7}</UniqueIdentifier>
    </Filter>
    <Filter Include="Serialize">
      <UniqueIdentifier>{57409d8b-4d60-4385-ab01-018b13e40d59}</UniqueIdentifier>
    </Filter>
    <Filter Include="Serialize\rapidxml">
      <UniqueIdentifier>{f4b59633-9161-46d7-a127-edd526ca69f7}</UniqueIdentifier>
    </Filter>
    <Filter Include="IO">
      <UniqueIdentifier>{cb86932a-4834-4e5f-b3c8-bff1e6aad147}</UniqueIdentifier>
    </Filter>
    <Filter Include="Resource">
      <UniqueIdentifier>{471782ac-a710-4928-b39a-13d3d97d9376}</UniqueIdentifier>
    </Filter>
    <Filter Include="Util">
      <UniqueIdentifier>{ecfadaf2-4ab7-44bc-b38c-ac017700fe49}</UniqueIdentifier>
    </Filter>
    <Filter Include="Texture">
      <UniqueIdentifier>{65c3a08b-aa01-403a-9348-c3017c2ab366}</UniqueIdentifier>
    </Filter>
    <Filter Include="Material">
      <UniqueIdentifier>{0f692000-ed22-4dd4-9806-8b9130d2a47e}</UniqueIdentifier>
    </Filter>
  </ItemGroup>
  <ItemGroup>
    <ClInclude Include="stdafx.h">
      <Filter>Header Files</Filter>
    </ClInclude>
    <ClInclude Include="targetver.h">
      <Filter>Header Files</Filter>
    </ClInclude>
    <ClInclude Include="Serialize\rapidxml\rapidxml.hpp">
      <Filter>Serialize\rapidxml</Filter>
    </ClInclude>
    <ClInclude Include="Serialize\rapidxml\rapidxml_iterators.hpp">
      <Filter>Serialize\rapidxml</Filter>
    </ClInclude>
    <ClInclude Include="Serialize\rapidxml\rapidxml_print.hpp">
      <Filter>Serialize\rapidxml</Filter>
    </ClInclude>
    <ClInclude Include="Serialize\rapidxml\rapidxml_utils.hpp">
      <Filter>Serialize\rapidxml</Filter>
    </ClInclude>
    <ClInclude Include="Thread\IThread.hpp">
      <Filter>Thread</Filter>
    </ClInclude>
    <ClInclude Include="Resource\IResourceItem.hpp">
      <Filter>Resource</Filter>
    </ClInclude>
    <ClInclude Include="Serialize\ISerialize.hpp">
      <Filter>Serialize</Filter>
    </ClInclude>
    <ClInclude Include="Serialize\XMLSerialize.h">
      <Filter>Serialize</Filter>
    </ClInclude>
    <ClInclude Include="Resource\ResourceManager.h">
      <Filter>Resource</Filter>
    </ClInclude>
    <ClInclude Include="ResourceItem.h">
      <Filter>Header Files</Filter>
    </ClInclude>
    <ClInclude Include="Resource\FileResourceItem.h">
      <Filter>Resource</Filter>
    </ClInclude>
    <ClInclude Include="IO\IStream.hpp">
      <Filter>IO</Filter>
    </ClInclude>
    <ClInclude Include="IO\FileStream.h">
      <Filter>IO</Filter>
    </ClInclude>
    <ClInclude Include="IO\MemoryStream.h">
      <Filter>IO</Filter>
    </ClInclude>
    <ClInclude Include="Util\DllHelper.hpp">
      <Filter>Util</Filter>
    </ClInclude>
    <ClInclude Include="Util\StringHelper.hpp">
      <Filter>Util</Filter>
    </ClInclude>
    <ClInclude Include="Texture\TextureManager.h">
      <Filter>Texture</Filter>
    </ClInclude>
    <ClInclude Include="Material\MaterialManager.h">
      <Filter>Material</Filter>
    </ClInclude>
    <ClInclude Include="GlobalShader.h">
      <Filter>Material</Filter>
    </ClInclude>
  </ItemGroup>
  <ItemGroup>
    <ClCompile Include="stdafx.cpp">
      <Filter>Source Files</Filter>
    </ClCompile>
    <ClCompile Include="Serialize\XMLSerialize.cpp">
      <Filter>Serialize</Filter>
    </ClCompile>
    <ClCompile Include="Resource\ResourceManager.cpp">
      <Filter>Resource</Filter>
    </ClCompile>
    <ClCompile Include="Resource\FileResourceItem.cpp">
      <Filter>Resource</Filter>
    </ClCompile>
    <ClCompile Include="IO\FileStream.cpp">
      <Filter>IO</Filter>
    </ClCompile>
    <ClCompile Include="IO\MemoryStream.cpp">
      <Filter>IO</Filter>
    </ClCompile>
    <ClCompile Include="Texture\TextureManager.cpp">
      <Filter>Texture</Filter>
    </ClCompile>
    <ClCompile Include="Material\MaterialManager.cpp">
      <Filter>Material</Filter>
    </ClCompile>
    <ClCompile Include="GlobalShader.cpp">
      <Filter>Material</Filter>
    </ClCompile>
  </ItemGroup>
</Project>