<?xml version="1.0" encoding="utf-8"?>
<Project ToolsVersion="4.0" xmlns="http://schemas.microsoft.com/developer/msbuild/2003">
  <ItemGroup>
    <Filter Include="Common">
      <UniqueIdentifier>{93995380-89BD-4b04-88EB-625FBE52EBFB}</UniqueIdentifier>
      <Extensions>h;hpp;hxx;hm;inl;inc;xsd</Extensions>
    </Filter>
    <Filter Include="OpenAL">
      <UniqueIdentifier>{5b387fca-db01-48fa-884a-f0ff3ce99654}</UniqueIdentifier>
    </Filter>
    <Filter Include="OpenSL">
      <UniqueIdentifier>{162b68f3-7e5d-494c-8c72-cfc78c450f1c}</UniqueIdentifier>
    </Filter>
  </ItemGroup>
  <ItemGroup>
    <ClInclude Include="stdafx.h">
      <Filter>Common</Filter>
    </ClInclude>
    <ClInclude Include="AudioSystem.h">
      <Filter>Common</Filter>
    </ClInclude>
    <ClInclude Include="..\Common\IAudio.hpp">
      <Filter>Common</Filter>
    </ClInclude>
    <ClInclude Include="AudioSystemOpenAL.h">
      <Filter>OpenAL</Filter>
    </ClInclude>
    <ClInclude Include="targetver.h">
      <Filter>Common</Filter>
    </ClInclude>
    <ClInclude Include="IAudioBuffer.hpp">
      <Filter>Common</Filter>
    </ClInclude>
    <ClInclude Include="IAudioPlayer.hpp">
      <Filter>Common</Filter>
    </ClInclude>
    <ClInclude Include="IDecoder.hpp">
      <Filter>Common</Filter>
    </ClInclude>
    <ClInclude Include="AudioComponent.h">
      <Filter>Common</Filter>
    </ClInclude>
  </ItemGroup>
  <ItemGroup>
    <ClCompile Include="stdafx.cpp">
      <Filter>Common</Filter>
    </ClCompile>
    <ClCompile Include="AudioSystem.cpp">
      <Filter>Common</Filter>
    </ClCompile>
    <ClCompile Include="AudioSystemOpenAL.cpp">
      <Filter>OpenAL</Filter>
    </ClCompile>
    <ClCompile Include="dllmain.cpp">
      <Filter>Common</Filter>
    </ClCompile>
    <ClCompile Include="AudioComponent.cpp" />
  </ItemGroup>
</Project>